// !$*UTF8*$!
{
	archiveVersion = 1;
	classes = {
	};
	objectVersion = 46;
	objects = {

/* Begin PBXBuildFile section */
		6A1DAEE2978C6BF51F156B47 /* libPods-Bicy-Convenience Map.a in Frameworks */ = {isa = PBXBuildFile; fileRef = DCB7FDB9298BA8C8DF991882 /* libPods-Bicy-Convenience Map.a */; };
		8958FDAA1DFF8B9800CBAB84 /* main.m in Sources */ = {isa = PBXBuildFile; fileRef = 8958FDA91DFF8B9800CBAB84 /* main.m */; };
		8958FDAD1DFF8B9800CBAB84 /* AppDelegate.mm in Sources */ = {isa = PBXBuildFile; fileRef = 8958FDAC1DFF8B9800CBAB84 /* AppDelegate.mm */; };
		8958FDB01DFF8B9800CBAB84 /* ViewController.mm in Sources */ = {isa = PBXBuildFile; fileRef = 8958FDAF1DFF8B9800CBAB84 /* ViewController.mm */; };
		8958FDB31DFF8B9800CBAB84 /* Main.storyboard in Resources */ = {isa = PBXBuildFile; fileRef = 8958FDB11DFF8B9800CBAB84 /* Main.storyboard */; };
		8958FDB51DFF8B9800CBAB84 /* Assets.xcassets in Resources */ = {isa = PBXBuildFile; fileRef = 8958FDB41DFF8B9800CBAB84 /* Assets.xcassets */; };
		8958FDB81DFF8B9800CBAB84 /* LaunchScreen.storyboard in Resources */ = {isa = PBXBuildFile; fileRef = 8958FDB61DFF8B9800CBAB84 /* LaunchScreen.storyboard */; };
		8958FDC21E03959A00CBAB84 /* BaiduLocationTool.m in Sources */ = {isa = PBXBuildFile; fileRef = 8958FDC11E03959A00CBAB84 /* BaiduLocationTool.m */; };
		8958FDC61E03C2F400CBAB84 /* BaiduMapTool.m in Sources */ = {isa = PBXBuildFile; fileRef = 8958FDC51E03C2F400CBAB84 /* BaiduMapTool.m */; };
		8958FDC91E03C97600CBAB84 /* BaiduDistrictTool.mm in Sources */ = {isa = PBXBuildFile; fileRef = 8958FDC81E03C97600CBAB84 /* BaiduDistrictTool.mm */; };
		8963F5711E0918EA00EBDA1A /* BottomDistrictView.m in Sources */ = {isa = PBXBuildFile; fileRef = 8963F56F1E0918EA00EBDA1A /* BottomDistrictView.m */; };
		8963F5721E0918EA00EBDA1A /* BottomDistrictView.xib in Resources */ = {isa = PBXBuildFile; fileRef = 8963F5701E0918EA00EBDA1A /* BottomDistrictView.xib */; };
		89CC884C1E0BA46000FAB40D /* StattionsTableViewCell.m in Sources */ = {isa = PBXBuildFile; fileRef = 89CC884A1E0BA46000FAB40D /* StattionsTableViewCell.m */; };
		89CC884D1E0BA46000FAB40D /* StattionsTableViewCell.xib in Resources */ = {isa = PBXBuildFile; fileRef = 89CC884B1E0BA46000FAB40D /* StattionsTableViewCell.xib */; };
		89CC88511E0BB9D600FAB40D /* StationInfo.m in Sources */ = {isa = PBXBuildFile; fileRef = 89CC88501E0BB9D600FAB40D /* StationInfo.m */; };
/* End PBXBuildFile section */

/* Begin PBXFileReference section */
		8958FDA51DFF8B9800CBAB84 /* Bicy-Convenience Map.app */ = {isa = PBXFileReference; explicitFileType = wrapper.application; includeInIndex = 0; path = "Bicy-Convenience Map.app"; sourceTree = BUILT_PRODUCTS_DIR; };
		8958FDA91DFF8B9800CBAB84 /* main.m */ = {isa = PBXFileReference; lastKnownFileType = sourcecode.c.objc; path = main.m; sourceTree = "<group>"; };
		8958FDAB1DFF8B9800CBAB84 /* AppDelegate.h */ = {isa = PBXFileReference; lastKnownFileType = sourcecode.c.h; path = AppDelegate.h; sourceTree = "<group>"; };
		8958FDAC1DFF8B9800CBAB84 /* AppDelegate.mm */ = {isa = PBXFileReference; lastKnownFileType = sourcecode.cpp.objcpp; path = AppDelegate.mm; sourceTree = "<group>"; };
		8958FDAE1DFF8B9800CBAB84 /* ViewController.h */ = {isa = PBXFileReference; lastKnownFileType = sourcecode.c.h; path = ViewController.h; sourceTree = "<group>"; };
		8958FDAF1DFF8B9800CBAB84 /* ViewController.mm */ = {isa = PBXFileReference; lastKnownFileType = sourcecode.cpp.objcpp; path = ViewController.mm; sourceTree = "<group>"; };
		8958FDB21DFF8B9800CBAB84 /* Base */ = {isa = PBXFileReference; lastKnownFileType = file.storyboard; name = Base; path = Base.lproj/Main.storyboard; sourceTree = "<group>"; };
		8958FDB41DFF8B9800CBAB84 /* Assets.xcassets */ = {isa = PBXFileReference; lastKnownFileType = folder.assetcatalog; path = Assets.xcassets; sourceTree = "<group>"; };
		8958FDB71DFF8B9800CBAB84 /* Base */ = {isa = PBXFileReference; lastKnownFileType = file.storyboard; name = Base; path = Base.lproj/LaunchScreen.storyboard; sourceTree = "<group>"; };
		8958FDB91DFF8B9800CBAB84 /* Info.plist */ = {isa = PBXFileReference; lastKnownFileType = text.plist.xml; path = Info.plist; sourceTree = "<group>"; };
		8958FDC01E03959A00CBAB84 /* BaiduLocationTool.h */ = {isa = PBXFileReference; fileEncoding = 4; lastKnownFileType = sourcecode.c.h; name = BaiduLocationTool.h; path = BaiduMap_Singleton_Tool/BaiduLocationTool.h; sourceTree = "<group>"; };
		8958FDC11E03959A00CBAB84 /* BaiduLocationTool.m */ = {isa = PBXFileReference; fileEncoding = 4; lastKnownFileType = sourcecode.c.objc; name = BaiduLocationTool.m; path = BaiduMap_Singleton_Tool/BaiduLocationTool.m; sourceTree = "<group>"; };
		8958FDC41E03C2F400CBAB84 /* BaiduMapTool.h */ = {isa = PBXFileReference; fileEncoding = 4; lastKnownFileType = sourcecode.c.h; name = BaiduMapTool.h; path = BaiduMap_Singleton_Tool/BaiduMapTool.h; sourceTree = "<group>"; };
		8958FDC51E03C2F400CBAB84 /* BaiduMapTool.m */ = {isa = PBXFileReference; fileEncoding = 4; lastKnownFileType = sourcecode.c.objc; name = BaiduMapTool.m; path = BaiduMap_Singleton_Tool/BaiduMapTool.m; sourceTree = "<group>"; };
		8958FDC71E03C97600CBAB84 /* BaiduDistrictTool.h */ = {isa = PBXFileReference; fileEncoding = 4; lastKnownFileType = sourcecode.c.h; name = BaiduDistrictTool.h; path = BaiduMap_Singleton_Tool/BaiduDistrictTool.h; sourceTree = "<group>"; };
		8958FDC81E03C97600CBAB84 /* BaiduDistrictTool.mm */ = {isa = PBXFileReference; fileEncoding = 4; lastKnownFileType = sourcecode.cpp.objcpp; name = BaiduDistrictTool.mm; path = BaiduMap_Singleton_Tool/BaiduDistrictTool.mm; sourceTree = "<group>"; };
		8963F56E1E0918EA00EBDA1A /* BottomDistrictView.h */ = {isa = PBXFileReference; fileEncoding = 4; lastKnownFileType = sourcecode.c.h; name = BottomDistrictView.h; path = Views/BottomDistrictView.h; sourceTree = "<group>"; };
		8963F56F1E0918EA00EBDA1A /* BottomDistrictView.m */ = {isa = PBXFileReference; fileEncoding = 4; lastKnownFileType = sourcecode.c.objc; name = BottomDistrictView.m; path = Views/BottomDistrictView.m; sourceTree = "<group>"; };
		8963F5701E0918EA00EBDA1A /* BottomDistrictView.xib */ = {isa = PBXFileReference; fileEncoding = 4; lastKnownFileType = file.xib; name = BottomDistrictView.xib; path = Views/BottomDistrictView.xib; sourceTree = "<group>"; };
		8963F5741E092B0600EBDA1A /* Reveal.framework */ = {isa = PBXFileReference; lastKnownFileType = wrapper.framework; path = Reveal.framework; sourceTree = "<group>"; };
		89CC88491E0BA46000FAB40D /* StattionsTableViewCell.h */ = {isa = PBXFileReference; fileEncoding = 4; lastKnownFileType = sourcecode.c.h; name = StattionsTableViewCell.h; path = Views/StattionsTableViewCell.h; sourceTree = "<group>"; };
		89CC884A1E0BA46000FAB40D /* StattionsTableViewCell.m */ = {isa = PBXFileReference; fileEncoding = 4; lastKnownFileType = sourcecode.c.objc; name = StattionsTableViewCell.m; path = Views/StattionsTableViewCell.m; sourceTree = "<group>"; };
		89CC884B1E0BA46000FAB40D /* StattionsTableViewCell.xib */ = {isa = PBXFileReference; fileEncoding = 4; lastKnownFileType = file.xib; name = StattionsTableViewCell.xib; path = Views/StattionsTableViewCell.xib; sourceTree = "<group>"; };
		89CC884F1E0BB9D600FAB40D /* StationInfo.h */ = {isa = PBXFileReference; fileEncoding = 4; lastKnownFileType = sourcecode.c.h; name = StationInfo.h; path = Models/StationInfo.h; sourceTree = "<group>"; };
		89CC88501E0BB9D600FAB40D /* StationInfo.m */ = {isa = PBXFileReference; fileEncoding = 4; lastKnownFileType = sourcecode.c.objc; name = StationInfo.m; path = Models/StationInfo.m; sourceTree = "<group>"; };
		89CC88521E0BBEF100FAB40D /* config.h */ = {isa = PBXFileReference; fileEncoding = 4; lastKnownFileType = sourcecode.c.h; path = config.h; sourceTree = "<group>"; };
		DCB7FDB9298BA8C8DF991882 /* libPods-Bicy-Convenience Map.a */ = {isa = PBXFileReference; explicitFileType = archive.ar; includeInIndex = 0; path = "libPods-Bicy-Convenience Map.a"; sourceTree = BUILT_PRODUCTS_DIR; };
		DF827DDC4A88B00C467046DE /* Pods-Bicy-Convenience Map.debug.xcconfig */ = {isa = PBXFileReference; includeInIndex = 1; lastKnownFileType = text.xcconfig; name = "Pods-Bicy-Convenience Map.debug.xcconfig"; path = "Pods/Target Support Files/Pods-Bicy-Convenience Map/Pods-Bicy-Convenience Map.debug.xcconfig"; sourceTree = "<group>"; };
		E5CE48AC9D6BBF1AC33708D9 /* Pods-Bicy-Convenience Map.release.xcconfig */ = {isa = PBXFileReference; includeInIndex = 1; lastKnownFileType = text.xcconfig; name = "Pods-Bicy-Convenience Map.release.xcconfig"; path = "Pods/Target Support Files/Pods-Bicy-Convenience Map/Pods-Bicy-Convenience Map.release.xcconfig"; sourceTree = "<group>"; };
/* End PBXFileReference section */

/* Begin PBXFrameworksBuildPhase section */
		8958FDA21DFF8B9800CBAB84 /* Frameworks */ = {
			isa = PBXFrameworksBuildPhase;
			buildActionMask = 2147483647;
			files = (
				6A1DAEE2978C6BF51F156B47 /* libPods-Bicy-Convenience Map.a in Frameworks */,
			);
			runOnlyForDeploymentPostprocessing = 0;
		};
/* End PBXFrameworksBuildPhase section */

/* Begin PBXGroup section */
		72C2128FE0636EE29B53A0F7 /* Frameworks */ = {
			isa = PBXGroup;
			children = (
				8963F5741E092B0600EBDA1A /* Reveal.framework */,
				DCB7FDB9298BA8C8DF991882 /* libPods-Bicy-Convenience Map.a */,
			);
			name = Frameworks;
			sourceTree = "<group>";
		};
		864A84D884BF1E6709E5554F /* Pods */ = {
			isa = PBXGroup;
			children = (
				DF827DDC4A88B00C467046DE /* Pods-Bicy-Convenience Map.debug.xcconfig */,
				E5CE48AC9D6BBF1AC33708D9 /* Pods-Bicy-Convenience Map.release.xcconfig */,
			);
			name = Pods;
			sourceTree = "<group>";
		};
		8958FD9C1DFF8B9800CBAB84 = {
			isa = PBXGroup;
			children = (
				8958FDA71DFF8B9800CBAB84 /* Bicy-Convenience Map */,
				8958FDA61DFF8B9800CBAB84 /* Products */,
				864A84D884BF1E6709E5554F /* Pods */,
				72C2128FE0636EE29B53A0F7 /* Frameworks */,
			);
			sourceTree = "<group>";
		};
		8958FDA61DFF8B9800CBAB84 /* Products */ = {
			isa = PBXGroup;
			children = (
				8958FDA51DFF8B9800CBAB84 /* Bicy-Convenience Map.app */,
			);
			name = Products;
			sourceTree = "<group>";
		};
		8958FDA71DFF8B9800CBAB84 /* Bicy-Convenience Map */ = {
			isa = PBXGroup;
			children = (
				8958FDAB1DFF8B9800CBAB84 /* AppDelegate.h */,
				8958FDAC1DFF8B9800CBAB84 /* AppDelegate.mm */,
				8958FDAE1DFF8B9800CBAB84 /* ViewController.h */,
				8958FDAF1DFF8B9800CBAB84 /* ViewController.mm */,
				89CC88521E0BBEF100FAB40D /* config.h */,
				89CC884E1E0BB9A600FAB40D /* Model */,
				8963F5731E0918EF00EBDA1A /* Views */,
				8958FDC31E03959E00CBAB84 /* 百度地图工具单例 */,
				8958FDB11DFF8B9800CBAB84 /* Main.storyboard */,
				8958FDB41DFF8B9800CBAB84 /* Assets.xcassets */,
				8958FDB61DFF8B9800CBAB84 /* LaunchScreen.storyboard */,
				8958FDB91DFF8B9800CBAB84 /* Info.plist */,
				8958FDA81DFF8B9800CBAB84 /* Supporting Files */,
			);
			path = "Bicy-Convenience Map";
			sourceTree = "<group>";
		};
		8958FDA81DFF8B9800CBAB84 /* Supporting Files */ = {
			isa = PBXGroup;
			children = (
				8958FDA91DFF8B9800CBAB84 /* main.m */,
			);
			name = "Supporting Files";
			sourceTree = "<group>";
		};
		8958FDC31E03959E00CBAB84 /* 百度地图工具单例 */ = {
			isa = PBXGroup;
			children = (
				8958FDC41E03C2F400CBAB84 /* BaiduMapTool.h */,
				8958FDC51E03C2F400CBAB84 /* BaiduMapTool.m */,
				8958FDC01E03959A00CBAB84 /* BaiduLocationTool.h */,
				8958FDC11E03959A00CBAB84 /* BaiduLocationTool.m */,
				8958FDC71E03C97600CBAB84 /* BaiduDistrictTool.h */,
				8958FDC81E03C97600CBAB84 /* BaiduDistrictTool.mm */,
			);
			name = "百度地图工具单例";
			sourceTree = "<group>";
		};
		8963F5731E0918EF00EBDA1A /* Views */ = {
			isa = PBXGroup;
			children = (
				8963F56E1E0918EA00EBDA1A /* BottomDistrictView.h */,
				8963F56F1E0918EA00EBDA1A /* BottomDistrictView.m */,
				8963F5701E0918EA00EBDA1A /* BottomDistrictView.xib */,
				89CC88491E0BA46000FAB40D /* StattionsTableViewCell.h */,
				89CC884A1E0BA46000FAB40D /* StattionsTableViewCell.m */,
				89CC884B1E0BA46000FAB40D /* StattionsTableViewCell.xib */,
			);
			name = Views;
			sourceTree = "<group>";
		};
		89CC884E1E0BB9A600FAB40D /* Model */ = {
			isa = PBXGroup;
			children = (
				89CC884F1E0BB9D600FAB40D /* StationInfo.h */,
				89CC88501E0BB9D600FAB40D /* StationInfo.m */,
			);
			name = Model;
			sourceTree = "<group>";
		};
/* End PBXGroup section */

/* Begin PBXNativeTarget section */
		8958FDA41DFF8B9800CBAB84 /* Bicy-Convenience Map */ = {
			isa = PBXNativeTarget;
			buildConfigurationList = 8958FDBC1DFF8B9800CBAB84 /* Build configuration list for PBXNativeTarget "Bicy-Convenience Map" */;
			buildPhases = (
				8252F19CBD912B5B627797CE /* 📦 Check Pods Manifest.lock */,
				8958FDA11DFF8B9800CBAB84 /* Sources */,
				8958FDA21DFF8B9800CBAB84 /* Frameworks */,
				8958FDA31DFF8B9800CBAB84 /* Resources */,
				41B021073BD67E97A245B619 /* 📦 Embed Pods Frameworks */,
				A3817C6DBBFBC8376F4BBEE0 /* 📦 Copy Pods Resources */,
			);
			buildRules = (
			);
			dependencies = (
			);
			name = "Bicy-Convenience Map";
			productName = "Bicy-Convenience Map";
			productReference = 8958FDA51DFF8B9800CBAB84 /* Bicy-Convenience Map.app */;
			productType = "com.apple.product-type.application";
		};
/* End PBXNativeTarget section */

/* Begin PBXProject section */
		8958FD9D1DFF8B9800CBAB84 /* Project object */ = {
			isa = PBXProject;
			attributes = {
				LastUpgradeCheck = 0820;
				ORGANIZATIONNAME = "Chen Defore";
				TargetAttributes = {
					8958FDA41DFF8B9800CBAB84 = {
						CreatedOnToolsVersion = 8.1;
						DevelopmentTeam = 83SUXEZH4Q;
						ProvisioningStyle = Automatic;
					};
				};
			};
			buildConfigurationList = 8958FDA01DFF8B9800CBAB84 /* Build configuration list for PBXProject "Bicy-Convenience Map" */;
			compatibilityVersion = "Xcode 3.2";
			developmentRegion = English;
			hasScannedForEncodings = 0;
			knownRegions = (
				en,
				Base,
			);
			mainGroup = 8958FD9C1DFF8B9800CBAB84;
			productRefGroup = 8958FDA61DFF8B9800CBAB84 /* Products */;
			projectDirPath = "";
			projectRoot = "";
			targets = (
				8958FDA41DFF8B9800CBAB84 /* Bicy-Convenience Map */,
			);
		};
/* End PBXProject section */

/* Begin PBXResourcesBuildPhase section */
		8958FDA31DFF8B9800CBAB84 /* Resources */ = {
			isa = PBXResourcesBuildPhase;
			buildActionMask = 2147483647;
			files = (
				8958FDB81DFF8B9800CBAB84 /* LaunchScreen.storyboard in Resources */,
				89CC884D1E0BA46000FAB40D /* StattionsTableViewCell.xib in Resources */,
				8963F5721E0918EA00EBDA1A /* BottomDistrictView.xib in Resources */,
				8958FDB51DFF8B9800CBAB84 /* Assets.xcassets in Resources */,
				8958FDB31DFF8B9800CBAB84 /* Main.storyboard in Resources */,
			);
			runOnlyForDeploymentPostprocessing = 0;
		};
/* End PBXResourcesBuildPhase section */

/* Begin PBXShellScriptBuildPhase section */
		41B021073BD67E97A245B619 /* 📦 Embed Pods Frameworks */ = {
			isa = PBXShellScriptBuildPhase;
			buildActionMask = 2147483647;
			files = (
			);
			inputPaths = (
			);
			name = "📦 Embed Pods Frameworks";
			outputPaths = (
			);
			runOnlyForDeploymentPostprocessing = 0;
			shellPath = /bin/sh;
			shellScript = "\"${SRCROOT}/Pods/Target Support Files/Pods-Bicy-Convenience Map/Pods-Bicy-Convenience Map-frameworks.sh\"\n";
			showEnvVarsInLog = 0;
		};
		8252F19CBD912B5B627797CE /* 📦 Check Pods Manifest.lock */ = {
			isa = PBXShellScriptBuildPhase;
			buildActionMask = 2147483647;
			files = (
			);
			inputPaths = (
			);
			name = "📦 Check Pods Manifest.lock";
			outputPaths = (
			);
			runOnlyForDeploymentPostprocessing = 0;
			shellPath = /bin/sh;
			shellScript = "diff \"${PODS_ROOT}/../Podfile.lock\" \"${PODS_ROOT}/Manifest.lock\" > /dev/null\nif [[ $? != 0 ]] ; then\n    cat << EOM\nerror: The sandbox is not in sync with the Podfile.lock. Run 'pod install' or update your CocoaPods installation.\nEOM\n    exit 1\nfi\n";
			showEnvVarsInLog = 0;
		};
		A3817C6DBBFBC8376F4BBEE0 /* 📦 Copy Pods Resources */ = {
			isa = PBXShellScriptBuildPhase;
			buildActionMask = 2147483647;
			files = (
			);
			inputPaths = (
			);
			name = "📦 Copy Pods Resources";
			outputPaths = (
			);
			runOnlyForDeploymentPostprocessing = 0;
			shellPath = /bin/sh;
			shellScript = "\"${SRCROOT}/Pods/Target Support Files/Pods-Bicy-Convenience Map/Pods-Bicy-Convenience Map-resources.sh\"\n";
			showEnvVarsInLog = 0;
		};
/* End PBXShellScriptBuildPhase section */

/* Begin PBXSourcesBuildPhase section */
		8958FDA11DFF8B9800CBAB84 /* Sources */ = {
			isa = PBXSourcesBuildPhase;
			buildActionMask = 2147483647;
			files = (
				8958FDB01DFF8B9800CBAB84 /* ViewController.mm in Sources */,
				8963F5711E0918EA00EBDA1A /* BottomDistrictView.m in Sources */,
				8958FDC91E03C97600CBAB84 /* BaiduDistrictTool.mm in Sources */,
				8958FDC61E03C2F400CBAB84 /* BaiduMapTool.m in Sources */,
				89CC88511E0BB9D600FAB40D /* StationInfo.m in Sources */,
				8958FDAD1DFF8B9800CBAB84 /* AppDelegate.mm in Sources */,
				8958FDC21E03959A00CBAB84 /* BaiduLocationTool.m in Sources */,
				8958FDAA1DFF8B9800CBAB84 /* main.m in Sources */,
				89CC884C1E0BA46000FAB40D /* StattionsTableViewCell.m in Sources */,
			);
			runOnlyForDeploymentPostprocessing = 0;
		};
/* End PBXSourcesBuildPhase section */

/* Begin PBXVariantGroup section */
		8958FDB11DFF8B9800CBAB84 /* Main.storyboard */ = {
			isa = PBXVariantGroup;
			children = (
				8958FDB21DFF8B9800CBAB84 /* Base */,
			);
			name = Main.storyboard;
			sourceTree = "<group>";
		};
		8958FDB61DFF8B9800CBAB84 /* LaunchScreen.storyboard */ = {
			isa = PBXVariantGroup;
			children = (
				8958FDB71DFF8B9800CBAB84 /* Base */,
			);
			name = LaunchScreen.storyboard;
			sourceTree = "<group>";
		};
/* End PBXVariantGroup section */

/* Begin XCBuildConfiguration section */
		8958FDBA1DFF8B9800CBAB84 /* Debug */ = {
			isa = XCBuildConfiguration;
			buildSettings = {
				ALWAYS_SEARCH_USER_PATHS = NO;
				CLANG_ANALYZER_NONNULL = YES;
				CLANG_CXX_LANGUAGE_STANDARD = "gnu++0x";
				CLANG_CXX_LIBRARY = "libc++";
				CLANG_ENABLE_MODULES = YES;
				CLANG_ENABLE_OBJC_ARC = YES;
				CLANG_WARN_BOOL_CONVERSION = YES;
				CLANG_WARN_CONSTANT_CONVERSION = YES;
				CLANG_WARN_DIRECT_OBJC_ISA_USAGE = YES_ERROR;
				CLANG_WARN_DOCUMENTATION_COMMENTS = YES;
				CLANG_WARN_EMPTY_BODY = YES;
				CLANG_WARN_ENUM_CONVERSION = YES;
				CLANG_WARN_INFINITE_RECURSION = YES;
				CLANG_WARN_INT_CONVERSION = YES;
				CLANG_WARN_OBJC_ROOT_CLASS = YES_ERROR;
				CLANG_WARN_SUSPICIOUS_MOVE = YES;
				CLANG_WARN_SUSPICIOUS_MOVES = YES;
				CLANG_WARN_UNREACHABLE_CODE = YES;
				CLANG_WARN__DUPLICATE_METHOD_MATCH = YES;
				"CODE_SIGN_IDENTITY[sdk=iphoneos*]" = "iPhone Developer";
				COPY_PHASE_STRIP = NO;
				DEBUG_INFORMATION_FORMAT = dwarf;
				ENABLE_STRICT_OBJC_MSGSEND = YES;
				ENABLE_TESTABILITY = YES;
				GCC_C_LANGUAGE_STANDARD = gnu99;
				GCC_DYNAMIC_NO_PIC = NO;
				GCC_NO_COMMON_BLOCKS = YES;
				GCC_OPTIMIZATION_LEVEL = 0;
				GCC_PREPROCESSOR_DEFINITIONS = (
					"DEBUG=1",
					"$(inherited)",
				);
				GCC_WARN_64_TO_32_BIT_CONVERSION = YES;
				GCC_WARN_ABOUT_RETURN_TYPE = YES_ERROR;
				GCC_WARN_UNDECLARED_SELECTOR = YES;
				GCC_WARN_UNINITIALIZED_AUTOS = YES_AGGRESSIVE;
				GCC_WARN_UNUSED_FUNCTION = YES;
				GCC_WARN_UNUSED_VARIABLE = YES;
				IPHONEOS_DEPLOYMENT_TARGET = 10.1;
				MTL_ENABLE_DEBUG_INFO = YES;
				ONLY_ACTIVE_ARCH = YES;
				SDKROOT = iphoneos;
			};
			name = Debug;
		};
		8958FDBB1DFF8B9800CBAB84 /* Release */ = {
			isa = XCBuildConfiguration;
			buildSettings = {
				ALWAYS_SEARCH_USER_PATHS = NO;
				CLANG_ANALYZER_NONNULL = YES;
				CLANG_CXX_LANGUAGE_STANDARD = "gnu++0x";
				CLANG_CXX_LIBRARY = "libc++";
				CLANG_ENABLE_MODULES = YES;
				CLANG_ENABLE_OBJC_ARC = YES;
				CLANG_WARN_BOOL_CONVERSION = YES;
				CLANG_WARN_CONSTANT_CONVERSION = YES;
				CLANG_WARN_DIRECT_OBJC_ISA_USAGE = YES_ERROR;
				CLANG_WARN_DOCUMENTATION_COMMENTS = YES;
				CLANG_WARN_EMPTY_BODY = YES;
				CLANG_WARN_ENUM_CONVERSION = YES;
				CLANG_WARN_INFINITE_RECURSION = YES;
				CLANG_WARN_INT_CONVERSION = YES;
				CLANG_WARN_OBJC_ROOT_CLASS = YES_ERROR;
				CLANG_WARN_SUSPICIOUS_MOVE = YES;
				CLANG_WARN_SUSPICIOUS_MOVES = YES;
				CLANG_WARN_UNREACHABLE_CODE = YES;
				CLANG_WARN__DUPLICATE_METHOD_MATCH = YES;
				"CODE_SIGN_IDENTITY[sdk=iphoneos*]" = "iPhone Developer";
				COPY_PHASE_STRIP = NO;
				DEBUG_INFORMATION_FORMAT = "dwarf-with-dsym";
				ENABLE_NS_ASSERTIONS = NO;
				ENABLE_STRICT_OBJC_MSGSEND = YES;
				GCC_C_LANGUAGE_STANDARD = gnu99;
				GCC_NO_COMMON_BLOCKS = YES;
				GCC_WARN_64_TO_32_BIT_CONVERSION = YES;
				GCC_WARN_ABOUT_RETURN_TYPE = YES_ERROR;
				GCC_WARN_UNDECLARED_SELECTOR = YES;
				GCC_WARN_UNINITIALIZED_AUTOS = YES_AGGRESSIVE;
				GCC_WARN_UNUSED_FUNCTION = YES;
				GCC_WARN_UNUSED_VARIABLE = YES;
				IPHONEOS_DEPLOYMENT_TARGET = 10.1;
				MTL_ENABLE_DEBUG_INFO = NO;
				SDKROOT = iphoneos;
				VALIDATE_PRODUCT = YES;
			};
			name = Release;
		};
		8958FDBD1DFF8B9800CBAB84 /* Debug */ = {
			isa = XCBuildConfiguration;
			baseConfigurationReference = DF827DDC4A88B00C467046DE /* Pods-Bicy-Convenience Map.debug.xcconfig */;
			buildSettings = {
				ASSETCATALOG_COMPILER_APPICON_NAME = AppIcon;
				DEVELOPMENT_TEAM = 83SUXEZH4Q;
				FRAMEWORK_SEARCH_PATHS = (
					"$(inherited)",
					"$(PROJECT_DIR)",
				);
				INFOPLIST_FILE = "Bicy-Convenience Map/Info.plist";
				IPHONEOS_DEPLOYMENT_TARGET = 8.0;
				LD_RUNPATH_SEARCH_PATHS = "$(inherited) @executable_path/Frameworks";
				OTHER_LDFLAGS = (
					"$(inherited)",
					"-ObjC",
					"-l\"SVProgressHUD\"",
					"-l\"sqlite3.0\"",
					"-l\"stdc++.6.0.9\"",
					"-framework",
					"\"BaiduMapAPI_Base\"",
					"-framework",
					"\"BaiduMapAPI_Cloud\"",
					"-framework",
					"\"BaiduMapAPI_Location\"",
					"-framework",
					"\"BaiduMapAPI_Map\"",
					"-framework",
					"\"BaiduMapAPI_Radar\"",
					"-framework",
					"\"BaiduMapAPI_Search\"",
					"-framework",
					"\"BaiduMapAPI_Utils\"",
					"-framework",
					"\"CoreGraphics\"",
					"-framework",
					"\"CoreLocation\"",
					"-framework",
					"\"CoreTelephony\"",
					"-framework",
					"\"OpenGLES\"",
					"-framework",
					"\"QuartzCore\"",
					"-framework",
					"\"Security\"",
					"-framework",
					"\"SystemConfiguration\"",
					"-ObjC",
					"-lz",
					"-framework",
					Reveal,
				);
				PRODUCT_BUNDLE_IDENTIFIER = "Newland.Bicy-Convenience-Map";
				PRODUCT_NAME = "$(TARGET_NAME)";
			};
			name = Debug;
		};
		8958FDBE1DFF8B9800CBAB84 /* Release */ = {
			isa = XCBuildConfiguration;
			baseConfigurationReference = E5CE48AC9D6BBF1AC33708D9 /* Pods-Bicy-Convenience Map.release.xcconfig */;
			buildSettings = {
				ASSETCATALOG_COMPILER_APPICON_NAME = AppIcon;
				DEVELOPMENT_TEAM = 83SUXEZH4Q;
				FRAMEWORK_SEARCH_PATHS = (
					"$(inherited)",
					"$(PROJECT_DIR)",
				);
				INFOPLIST_FILE = "Bicy-Convenience Map/Info.plist";
				IPHONEOS_DEPLOYMENT_TARGET = 8.0;
				LD_RUNPATH_SEARCH_PATHS = "$(inherited) @executable_path/Frameworks";
				OTHER_LDFLAGS = (
					"$(inherited)",
					"-ObjC",
					"-l\"SVProgressHUD\"",
					"-l\"sqlite3.0\"",
					"-l\"stdc++.6.0.9\"",
					"-framework",
					"\"BaiduMapAPI_Base\"",
					"-framework",
					"\"BaiduMapAPI_Cloud\"",
					"-framework",
					"\"BaiduMapAPI_Location\"",
					"-framework",
					"\"BaiduMapAPI_Map\"",
					"-framework",
					"\"BaiduMapAPI_Radar\"",
					"-framework",
					"\"BaiduMapAPI_Search\"",
					"-framework",
					"\"BaiduMapAPI_Utils\"",
					"-framework",
					"\"CoreGraphics\"",
					"-framework",
					"\"CoreLocation\"",
					"-framework",
					"\"CoreTelephony\"",
					"-framework",
					"\"OpenGLES\"",
					"-framework",
					"\"QuartzCore\"",
					"-framework",
					"\"Security\"",
					"-framework",
					"\"SystemConfiguration\"",
					"-ObjC",
					"-lz",
					"-framework",
					Reveal,
				);
				PRODUCT_BUNDLE_IDENTIFIER = "Newland.Bicy-Convenience-Map";
				PRODUCT_NAME = "$(TARGET_NAME)";
			};
			name = Release;
		};
/* End XCBuildConfiguration section */

/* Begin XCConfigurationList section */
		8958FDA01DFF8B9800CBAB84 /* Build configuration list for PBXProject "Bicy-Convenience Map" */ = {
			isa = XCConfigurationList;
			buildConfigurations = (
				8958FDBA1DFF8B9800CBAB84 /* Debug */,
				8958FDBB1DFF8B9800CBAB84 /* Release */,
			);
			defaultConfigurationIsVisible = 0;
			defaultConfigurationName = Release;
		};
		8958FDBC1DFF8B9800CBAB84 /* Build configuration list for PBXNativeTarget "Bicy-Convenience Map" */ = {
			isa = XCConfigurationList;
			buildConfigurations = (
				8958FDBD1DFF8B9800CBAB84 /* Debug */,
				8958FDBE1DFF8B9800CBAB84 /* Release */,
			);
			defaultConfigurationIsVisible = 0;
			defaultConfigurationName = Release;
		};
/* End XCConfigurationList section */
	};
	rootObject = 8958FD9D1DFF8B9800CBAB84 /* Project object */;
}
